
Microsoft Visual Studio Solution File, Format Version 12.00
# Visual Studio Version 16
VisualStudioVersion = 16.6.30114.105
MinimumVisualStudioVersion = 10.0.40219.1
Project("{FAE04EC0-301F-11D3-BF4B-00C04F79EFBC}") = "ZettelWirtschaft.Application.Test", "ZettelWirtschaft.Application.Test\ZettelWirtschaft.Application.Test.csproj", "{9E76CAC2-5A3A-4E85-86A0-C61C1D3C70F0}"
EndProject
Project("{FAE04EC0-301F-11D3-BF4B-00C04F79EFBC}") = "ZettelWirtschaft.Application", "ZettelWirtschaft.Application\ZettelWirtschaft.Application.csproj", "{C24A67B5-285B-4DB2-BF54-8A294C83891A}"
EndProject
Project("{FAE04EC0-301F-11D3-BF4B-00C04F79EFBC}") = "ZettelWirtschaft.ElectronApp", "ZettelWirtschaft.ElectronApp\ZettelWirtschaft.ElectronApp.csproj", "{27FA45D2-6967-4AF9-A1A2-42B1725F6F68}"
EndProject
Global
	GlobalSection(SolutionConfigurationPlatforms) = preSolution
		Debug|Any CPU = Debug|Any CPU
		Debug|x64 = Debug|x64
		Debug|x86 = Debug|x86
		Release|Any CPU = Release|Any CPU
		Release|x64 = Release|x64
		Release|x86 = Release|x86
	EndGlobalSection
	GlobalSection(SolutionProperties) = preSolution
		HideSolutionNode = FALSE
	EndGlobalSection
	GlobalSection(ProjectConfigurationPlatforms) = postSolution
		{9E76CAC2-5A3A-4E85-86A0-C61C1D3C70F0}.Debug|Any CPU.ActiveCfg = Debug|Any CPU
		{9E76CAC2-5A3A-4E85-86A0-C61C1D3C70F0}.Debug|Any CPU.Build.0 = Debug|Any CPU
		{9E76CAC2-5A3A-4E85-86A0-C61C1D3C70F0}.Debug|x64.ActiveCfg = Debug|Any CPU
		{9E76CAC2-5A3A-4E85-86A0-C61C1D3C70F0}.Debug|x64.Build.0 = Debug|Any CPU
		{9E76CAC2-5A3A-4E85-86A0-C61C1D3C70F0}.Debug|x86.ActiveCfg = Debug|Any CPU
		{9E76CAC2-5A3A-4E85-86A0-C61C1D3C70F0}.Debug|x86.Build.0 = Debug|Any CPU
		{9E76CAC2-5A3A-4E85-86A0-C61C1D3C70F0}.Release|Any CPU.ActiveCfg = Release|Any CPU
		{9E76CAC2-5A3A-4E85-86A0-C61C1D3C70F0}.Release|Any CPU.Build.0 = Release|Any CPU
		{9E76CAC2-5A3A-4E85-86A0-C61C1D3C70F0}.Release|x64.ActiveCfg = Release|Any CPU
		{9E76CAC2-5A3A-4E85-86A0-C61C1D3C70F0}.Release|x64.Build.0 = Release|Any CPU
		{9E76CAC2-5A3A-4E85-86A0-C61C1D3C70F0}.Release|x86.ActiveCfg = Release|Any CPU
		{9E76CAC2-5A3A-4E85-86A0-C61C1D3C70F0}.Release|x86.Build.0 = Release|Any CPU
		{C24A67B5-285B-4DB2-BF54-8A294C83891A}.Debug|Any CPU.ActiveCfg = Debug|Any CPU
		{C24A67B5-285B-4DB2-BF54-8A294C83891A}.Debug|Any CPU.Build.0 = Debug|Any CPU
		{C24A67B5-285B-4DB2-BF54-8A294C83891A}.Debug|x64.ActiveCfg = Debug|Any CPU
		{C24A67B5-285B-4DB2-BF54-8A294C83891A}.Debug|x64.Build.0 = Debug|Any CPU
		{C24A67B5-285B-4DB2-BF54-8A294C83891A}.Debug|x86.ActiveCfg = Debug|Any CPU
		{C24A67B5-285B-4DB2-BF54-8A294C83891A}.Debug|x86.Build.0 = Debug|Any CPU
		{C24A67B5-285B-4DB2-BF54-8A294C83891A}.Release|Any CPU.ActiveCfg = Release|Any CPU
		{C24A67B5-285B-4DB2-BF54-8A294C83891A}.Release|Any CPU.Build.0 = Release|Any CPU
		{C24A67B5-285B-4DB2-BF54-8A294C83891A}.Release|x64.ActiveCfg = Release|Any CPU
		{C24A67B5-285B-4DB2-BF54-8A294C83891A}.Release|x64.Build.0 = Release|Any CPU
		{C24A67B5-285B-4DB2-BF54-8A294C83891A}.Release|x86.ActiveCfg = Release|Any CPU
		{C24A67B5-285B-4DB2-BF54-8A294C83891A}.Release|x86.Build.0 = Release|Any CPU
		{27FA45D2-6967-4AF9-A1A2-42B1725F6F68}.Debug|Any CPU.ActiveCfg = Debug|Any CPU
		{27FA45D2-6967-4AF9-A1A2-42B1725F6F68}.Debug|Any CPU.Build.0 = Debug|Any CPU
		{27FA45D2-6967-4AF9-A1A2-42B1725F6F68}.Debug|x64.ActiveCfg = Debug|Any CPU
		{27FA45D2-6967-4AF9-A1A2-42B1725F6F68}.Debug|x64.Build.0 = Debug|Any CPU
		{27FA45D2-6967-4AF9-A1A2-42B1725F6F68}.Debug|x86.ActiveCfg = Debug|Any CPU
		{27FA45D2-6967-4AF9-A1A2-42B1725F6F68}.Debug|x86.Build.0 = Debug|Any CPU
		{27FA45D2-6967-4AF9-A1A2-42B1725F6F68}.Release|Any CPU.ActiveCfg = Release|Any CPU
		{27FA45D2-6967-4AF9-A1A2-42B1725F6F68}.Release|Any CPU.Build.0 = Release|Any CPU
		{27FA45D2-6967-4AF9-A1A2-42B1725F6F68}.Release|x64.ActiveCfg = Release|Any CPU
		{27FA45D2-6967-4AF9-A1A2-42B1725F6F68}.Release|x64.Build.0 = Release|Any CPU
		{27FA45D2-6967-4AF9-A1A2-42B1725F6F68}.Release|x86.ActiveCfg = Release|Any CPU
		{27FA45D2-6967-4AF9-A1A2-42B1725F6F68}.Release|x86.Build.0 = Release|Any CPU
	EndGlobalSection
EndGlobal
